{
  "name": "test-sirinam-package",
  "version": "1.0.0",
  "lockfileVersion": 2,
  "requires": true,
  "packages": {
    "": {
      "version": "1.0.0",
      "license": "ISC",
      "dependencies": {
        "@m.qasim077/sirinam": "^1.0.1"
      }
    },
    "node_modules/@m.qasim077/sirinam": {
      "version": "1.0.1",
      "resolved": "https://registry.npmjs.org/@m.qasim077/sirinam/-/sirinam-1.0.1.tgz",
      "integrity": "sha512-AEFoN2Ykiu/trlqVki5onUfHNAkg3ciap8LR09R03bcLXLJ0Cvwfb5KpDdVBxFcJouVFo51nsLUBZO3cyPnzjg==",
      "dependencies": {
        "@types/node": "^16.3.3"
      }
    },
    "node_modules/@types/node": {
      "version": "16.3.3",
      "resolved": "https://registry.npmjs.org/@types/node/-/node-16.3.3.tgz",
      "integrity": "sha512-8h7k1YgQKxKXWckzFCMfsIwn0Y61UK6tlD6y2lOb3hTOIMlK3t9/QwHOhc81TwU+RMf0As5fj7NPjroERCnejQ=="
    }
  },
  "dependencies": {
    "@m.qasim077/sirinam": {
      "version": "1.0.1",
      "resolved": "https://registry.npmjs.org/@m.qasim077/sirinam/-/sirinam-1.0.1.tgz",
      "integrity": "sha512-AEFoN2Ykiu/trlqVki5onUfHNAkg3ciap8LR09R03bcLXLJ0Cvwfb5KpDdVBxFcJouVFo51nsLUBZO3cyPnzjg==",
      "requires": {
        "@types/node": "^16.3.3"
      }
    },
    "@types/node": {
      "version": "16.3.3",
      "resolved": "https://registry.npmjs.org/@types/node/-/node-16.3.3.tgz",
      "integrity": "sha512-8h7k1YgQKxKXWckzFCMfsIwn0Y61UK6tlD6y2lOb3hTOIMlK3t9/QwHOhc81TwU+RMf0As5fj7NPjroERCnejQ=="
    }
  }
}
